PODS:
  - Alamofire (4.4.0)
  - Gloss (1.2.4)

DEPENDENCIES:
  - Alamofire (~> 4.4)
  - Gloss (~> 1.2)

SPEC CHECKSUMS:
  Alamofire: dc44b1600b800eb63da6a19039a0083d62a6a62d
  Gloss: 4e036074610fdb993abcb958ebcd7332588e2333

PODFILE CHECKSUM: ea2365ff0c98ada8862f15a9142df994f9ee8358

COCOAPODS: 1.2.0
