// !$*UTF8*$!
{
	archiveVersion = 1;
	classes = {
	};
	objectVersion = 46;
	objects = {

/* Begin PBXBuildFile section */
		2C70D6A5A8431B099BB7DD16 /* RequestProcessor.swift in Sources */ = {isa = PBXBuildFile; fileRef = 2C70D96F99628C1C8D57B097 /* RequestProcessor.swift */; };
		628C319E003BEA54A8931664 /* Pods_AWSInspectorDemo.framework in Frameworks */ = {isa = PBXBuildFile; fileRef = C5E4C371A5ACC730657A4CE8 /* Pods_AWSInspectorDemo.framework */; };
		F2777B391EF831C200C1FBB7 /* BasicCell.xib in Resources */ = {isa = PBXBuildFile; fileRef = F2777B381EF831C200C1FBB7 /* BasicCell.xib */; };
		F2777B3B1EF831F400C1FBB7 /* SubtitleCell.xib in Resources */ = {isa = PBXBuildFile; fileRef = F2777B3A1EF831F400C1FBB7 /* SubtitleCell.xib */; };
		F2777B3D1EF834AF00C1FBB7 /* NotificationTableViewCell.xib in Resources */ = {isa = PBXBuildFile; fileRef = F2777B3C1EF834AF00C1FBB7 /* NotificationTableViewCell.xib */; };
		F2777B3F1EF8353300C1FBB7 /* NotificationTableViewCell.swift in Sources */ = {isa = PBXBuildFile; fileRef = F2777B3E1EF8353300C1FBB7 /* NotificationTableViewCell.swift */; };
		F2777B411EF836D000C1FBB7 /* RunDetailsTableViewController.swift in Sources */ = {isa = PBXBuildFile; fileRef = F2777B401EF836D000C1FBB7 /* RunDetailsTableViewController.swift */; };
		F2777B431EF85E7200C1FBB7 /* Util.swift in Sources */ = {isa = PBXBuildFile; fileRef = F2777B421EF85E7200C1FBB7 /* Util.swift */; };
		F2CA25321EEF3094001E1628 /* AppDelegate.swift in Sources */ = {isa = PBXBuildFile; fileRef = F2CA25311EEF3094001E1628 /* AppDelegate.swift */; };
		F2CA25371EEF3094001E1628 /* Main.storyboard in Resources */ = {isa = PBXBuildFile; fileRef = F2CA25351EEF3094001E1628 /* Main.storyboard */; };
		F2CA25391EEF3094001E1628 /* Assets.xcassets in Resources */ = {isa = PBXBuildFile; fileRef = F2CA25381EEF3094001E1628 /* Assets.xcassets */; };
		F2CA253C1EEF3094001E1628 /* LaunchScreen.storyboard in Resources */ = {isa = PBXBuildFile; fileRef = F2CA253A1EEF3094001E1628 /* LaunchScreen.storyboard */; };
		F2DB5D501EF547A8001F4D29 /* Arns.swift in Sources */ = {isa = PBXBuildFile; fileRef = F2DB5D4F1EF547A8001F4D29 /* Arns.swift */; };
		F2DB5D521EF54A19001F4D29 /* JSONUtil.swift in Sources */ = {isa = PBXBuildFile; fileRef = F2DB5D511EF54A19001F4D29 /* JSONUtil.swift */; };
		F2DB5D541EF6BE72001F4D29 /* AssessmentTemplate.swift in Sources */ = {isa = PBXBuildFile; fileRef = F2DB5D531EF6BE72001F4D29 /* AssessmentTemplate.swift */; };
		F2DB5D561EF6C3C5001F4D29 /* UserAttributeForFindings.swift in Sources */ = {isa = PBXBuildFile; fileRef = F2DB5D551EF6C3C5001F4D29 /* UserAttributeForFindings.swift */; };
		F2DB5D581EF6C9F4001F4D29 /* AssessmentRun.swift in Sources */ = {isa = PBXBuildFile; fileRef = F2DB5D571EF6C9F4001F4D29 /* AssessmentRun.swift */; };
		F2DB5D5A1EF6CC97001F4D29 /* AssessmentRunNotification.swift in Sources */ = {isa = PBXBuildFile; fileRef = F2DB5D591EF6CC97001F4D29 /* AssessmentRunNotification.swift */; };
		F2DB5D5D1EF6D452001F4D29 /* MainTableViewController.swift in Sources */ = {isa = PBXBuildFile; fileRef = F2DB5D5C1EF6D452001F4D29 /* MainTableViewController.swift */; };
		F2DB5D5F1EF6D5D1001F4D29 /* IndicatorTableViewController.swift in Sources */ = {isa = PBXBuildFile; fileRef = F2DB5D5E1EF6D5D1001F4D29 /* IndicatorTableViewController.swift */; };
		F2DB5D611EF6D669001F4D29 /* TemplatesListTableViewController.swift in Sources */ = {isa = PBXBuildFile; fileRef = F2DB5D601EF6D669001F4D29 /* TemplatesListTableViewController.swift */; };
		F2DB5D651EF6DEB1001F4D29 /* RunsListTableViewController.swift in Sources */ = {isa = PBXBuildFile; fileRef = F2DB5D641EF6DEB1001F4D29 /* RunsListTableViewController.swift */; };
		F2DB5D671EF6E3AA001F4D29 /* TemplateDetailsTableViewController.swift in Sources */ = {isa = PBXBuildFile; fileRef = F2DB5D661EF6E3AA001F4D29 /* TemplateDetailsTableViewController.swift */; };
		F2E770531EF1E4520070B438 /* Credentials.swift in Sources */ = {isa = PBXBuildFile; fileRef = F2E770521EF1E4520070B438 /* Credentials.swift */; };
		F2E770551EF1E8010070B438 /* DateUtil.swift in Sources */ = {isa = PBXBuildFile; fileRef = F2E770541EF1E8010070B438 /* DateUtil.swift */; };
		F2E770571EF1ED920070B438 /* AwsUtil.swift in Sources */ = {isa = PBXBuildFile; fileRef = F2E770561EF1ED920070B438 /* AwsUtil.swift */; };
		F2E770591EF1F28A0070B438 /* AWSV4Signer.swift in Sources */ = {isa = PBXBuildFile; fileRef = F2E770581EF1F28A0070B438 /* AWSV4Signer.swift */; };
/* End PBXBuildFile section */

/* Begin PBXFileReference section */
		11389F0F3C3B84720960E982 /* Pods-AWSInspectorDemo.release.xcconfig */ = {isa = PBXFileReference; includeInIndex = 1; lastKnownFileType = text.xcconfig; name = "Pods-AWSInspectorDemo.release.xcconfig"; path = "Pods/Target Support Files/Pods-AWSInspectorDemo/Pods-AWSInspectorDemo.release.xcconfig"; sourceTree = "<group>"; };
		2C70D96F99628C1C8D57B097 /* RequestProcessor.swift */ = {isa = PBXFileReference; fileEncoding = 4; lastKnownFileType = sourcecode.swift; path = RequestProcessor.swift; sourceTree = "<group>"; };
		311B6BA969122E802E8311FB /* Pods-AWSInspectorDemo.debug.xcconfig */ = {isa = PBXFileReference; includeInIndex = 1; lastKnownFileType = text.xcconfig; name = "Pods-AWSInspectorDemo.debug.xcconfig"; path = "Pods/Target Support Files/Pods-AWSInspectorDemo/Pods-AWSInspectorDemo.debug.xcconfig"; sourceTree = "<group>"; };
		C5E4C371A5ACC730657A4CE8 /* Pods_AWSInspectorDemo.framework */ = {isa = PBXFileReference; explicitFileType = wrapper.framework; includeInIndex = 0; path = Pods_AWSInspectorDemo.framework; sourceTree = BUILT_PRODUCTS_DIR; };
		F2777B381EF831C200C1FBB7 /* BasicCell.xib */ = {isa = PBXFileReference; fileEncoding = 4; lastKnownFileType = file.xib; path = BasicCell.xib; sourceTree = "<group>"; };
		F2777B3A1EF831F400C1FBB7 /* SubtitleCell.xib */ = {isa = PBXFileReference; fileEncoding = 4; lastKnownFileType = file.xib; path = SubtitleCell.xib; sourceTree = "<group>"; };
		F2777B3C1EF834AF00C1FBB7 /* NotificationTableViewCell.xib */ = {isa = PBXFileReference; fileEncoding = 4; lastKnownFileType = file.xib; path = NotificationTableViewCell.xib; sourceTree = "<group>"; };
		F2777B3E1EF8353300C1FBB7 /* NotificationTableViewCell.swift */ = {isa = PBXFileReference; fileEncoding = 4; lastKnownFileType = sourcecode.swift; path = NotificationTableViewCell.swift; sourceTree = "<group>"; };
		F2777B401EF836D000C1FBB7 /* RunDetailsTableViewController.swift */ = {isa = PBXFileReference; fileEncoding = 4; lastKnownFileType = sourcecode.swift; path = RunDetailsTableViewController.swift; sourceTree = "<group>"; };
		F2777B421EF85E7200C1FBB7 /* Util.swift */ = {isa = PBXFileReference; fileEncoding = 4; lastKnownFileType = sourcecode.swift; path = Util.swift; sourceTree = "<group>"; };
		F2CA252E1EEF3094001E1628 /* AWSInspectorDemo.app */ = {isa = PBXFileReference; explicitFileType = wrapper.application; includeInIndex = 0; path = AWSInspectorDemo.app; sourceTree = BUILT_PRODUCTS_DIR; };
		F2CA25311EEF3094001E1628 /* AppDelegate.swift */ = {isa = PBXFileReference; lastKnownFileType = sourcecode.swift; path = AppDelegate.swift; sourceTree = "<group>"; };
		F2CA25361EEF3094001E1628 /* Base */ = {isa = PBXFileReference; lastKnownFileType = file.storyboard; name = Base; path = Base.lproj/Main.storyboard; sourceTree = "<group>"; };
		F2CA25381EEF3094001E1628 /* Assets.xcassets */ = {isa = PBXFileReference; lastKnownFileType = folder.assetcatalog; path = Assets.xcassets; sourceTree = "<group>"; };
		F2CA253B1EEF3094001E1628 /* Base */ = {isa = PBXFileReference; lastKnownFileType = file.storyboard; name = Base; path = Base.lproj/LaunchScreen.storyboard; sourceTree = "<group>"; };
		F2CA253D1EEF3094001E1628 /* Info.plist */ = {isa = PBXFileReference; lastKnownFileType = text.plist.xml; path = Info.plist; sourceTree = "<group>"; };
		F2DB5D4F1EF547A8001F4D29 /* Arns.swift */ = {isa = PBXFileReference; fileEncoding = 4; lastKnownFileType = sourcecode.swift; path = Arns.swift; sourceTree = "<group>"; };
		F2DB5D511EF54A19001F4D29 /* JSONUtil.swift */ = {isa = PBXFileReference; fileEncoding = 4; lastKnownFileType = sourcecode.swift; path = JSONUtil.swift; sourceTree = "<group>"; };
		F2DB5D531EF6BE72001F4D29 /* AssessmentTemplate.swift */ = {isa = PBXFileReference; fileEncoding = 4; lastKnownFileType = sourcecode.swift; path = AssessmentTemplate.swift; sourceTree = "<group>"; };
		F2DB5D551EF6C3C5001F4D29 /* UserAttributeForFindings.swift */ = {isa = PBXFileReference; fileEncoding = 4; lastKnownFileType = sourcecode.swift; path = UserAttributeForFindings.swift; sourceTree = "<group>"; };
		F2DB5D571EF6C9F4001F4D29 /* AssessmentRun.swift */ = {isa = PBXFileReference; fileEncoding = 4; lastKnownFileType = sourcecode.swift; path = AssessmentRun.swift; sourceTree = "<group>"; };
		F2DB5D591EF6CC97001F4D29 /* AssessmentRunNotification.swift */ = {isa = PBXFileReference; fileEncoding = 4; lastKnownFileType = sourcecode.swift; path = AssessmentRunNotification.swift; sourceTree = "<group>"; };
		F2DB5D5C1EF6D452001F4D29 /* MainTableViewController.swift */ = {isa = PBXFileReference; fileEncoding = 4; lastKnownFileType = sourcecode.swift; path = MainTableViewController.swift; sourceTree = "<group>"; };
		F2DB5D5E1EF6D5D1001F4D29 /* IndicatorTableViewController.swift */ = {isa = PBXFileReference; fileEncoding = 4; lastKnownFileType = sourcecode.swift; path = IndicatorTableViewController.swift; sourceTree = "<group>"; };
		F2DB5D601EF6D669001F4D29 /* TemplatesListTableViewController.swift */ = {isa = PBXFileReference; fileEncoding = 4; lastKnownFileType = sourcecode.swift; path = TemplatesListTableViewController.swift; sourceTree = "<group>"; };
		F2DB5D641EF6DEB1001F4D29 /* RunsListTableViewController.swift */ = {isa = PBXFileReference; fileEncoding = 4; lastKnownFileType = sourcecode.swift; path = RunsListTableViewController.swift; sourceTree = "<group>"; };
		F2DB5D661EF6E3AA001F4D29 /* TemplateDetailsTableViewController.swift */ = {isa = PBXFileReference; fileEncoding = 4; lastKnownFileType = sourcecode.swift; path = TemplateDetailsTableViewController.swift; sourceTree = "<group>"; };
		F2E770521EF1E4520070B438 /* Credentials.swift */ = {isa = PBXFileReference; fileEncoding = 4; lastKnownFileType = sourcecode.swift; path = Credentials.swift; sourceTree = "<group>"; };
		F2E770541EF1E8010070B438 /* DateUtil.swift */ = {isa = PBXFileReference; fileEncoding = 4; lastKnownFileType = sourcecode.swift; path = DateUtil.swift; sourceTree = "<group>"; };
		F2E770561EF1ED920070B438 /* AwsUtil.swift */ = {isa = PBXFileReference; fileEncoding = 4; lastKnownFileType = sourcecode.swift; path = AwsUtil.swift; sourceTree = "<group>"; };
		F2E770581EF1F28A0070B438 /* AWSV4Signer.swift */ = {isa = PBXFileReference; fileEncoding = 4; lastKnownFileType = sourcecode.swift; path = AWSV4Signer.swift; sourceTree = "<group>"; };
		F2E7705A1EF1F4D20070B438 /* AWSInspectorDemo-Bridging-Header.h */ = {isa = PBXFileReference; lastKnownFileType = sourcecode.c.h; path = "AWSInspectorDemo-Bridging-Header.h"; sourceTree = "<group>"; };
/* End PBXFileReference section */

/* Begin PBXFrameworksBuildPhase section */
		F2CA252B1EEF3094001E1628 /* Frameworks */ = {
			isa = PBXFrameworksBuildPhase;
			buildActionMask = 2147483647;
			files = (
				628C319E003BEA54A8931664 /* Pods_AWSInspectorDemo.framework in Frameworks */,
			);
			runOnlyForDeploymentPostprocessing = 0;
		};
/* End PBXFrameworksBuildPhase section */

/* Begin PBXGroup section */
		6B3FA29C6942842903AA043E /* Pods */ = {
			isa = PBXGroup;
			children = (
				311B6BA969122E802E8311FB /* Pods-AWSInspectorDemo.debug.xcconfig */,
				11389F0F3C3B84720960E982 /* Pods-AWSInspectorDemo.release.xcconfig */,
			);
			name = Pods;
			sourceTree = "<group>";
		};
		B16DD8948F9A82684DB9063C /* Frameworks */ = {
			isa = PBXGroup;
			children = (
				C5E4C371A5ACC730657A4CE8 /* Pods_AWSInspectorDemo.framework */,
			);
			name = Frameworks;
			sourceTree = "<group>";
		};
		F2777B361EF831B000C1FBB7 /* view */ = {
			isa = PBXGroup;
			children = (
				F2777B371EF831B700C1FBB7 /* xib */,
				F2777B3E1EF8353300C1FBB7 /* NotificationTableViewCell.swift */,
			);
			name = view;
			sourceTree = "<group>";
		};
		F2777B371EF831B700C1FBB7 /* xib */ = {
			isa = PBXGroup;
			children = (
				F2777B381EF831C200C1FBB7 /* BasicCell.xib */,
				F2777B3A1EF831F400C1FBB7 /* SubtitleCell.xib */,
				F2777B3C1EF834AF00C1FBB7 /* NotificationTableViewCell.xib */,
			);
			name = xib;
			sourceTree = "<group>";
		};
		F2CA25251EEF3094001E1628 = {
			isa = PBXGroup;
			children = (
				F2CA25301EEF3094001E1628 /* AWSInspectorDemo */,
				F2CA252F1EEF3094001E1628 /* Products */,
				6B3FA29C6942842903AA043E /* Pods */,
				B16DD8948F9A82684DB9063C /* Frameworks */,
			);
			sourceTree = "<group>";
		};
		F2CA252F1EEF3094001E1628 /* Products */ = {
			isa = PBXGroup;
			children = (
				F2CA252E1EEF3094001E1628 /* AWSInspectorDemo.app */,
			);
			name = Products;
			sourceTree = "<group>";
		};
		F2CA25301EEF3094001E1628 /* AWSInspectorDemo */ = {
			isa = PBXGroup;
			children = (
				F2777B361EF831B000C1FBB7 /* view */,
				F2DB5D5B1EF6D39A001F4D29 /* controller */,
				F2DB5D4E1EF54789001F4D29 /* model */,
				F2E770511EF1E43D0070B438 /* util */,
				F2CA25311EEF3094001E1628 /* AppDelegate.swift */,
				F2CA25351EEF3094001E1628 /* Main.storyboard */,
				F2CA25381EEF3094001E1628 /* Assets.xcassets */,
				F2CA253A1EEF3094001E1628 /* LaunchScreen.storyboard */,
				F2CA253D1EEF3094001E1628 /* Info.plist */,
				F2E7705A1EF1F4D20070B438 /* AWSInspectorDemo-Bridging-Header.h */,
			);
			path = AWSInspectorDemo;
			sourceTree = "<group>";
		};
		F2DB5D4E1EF54789001F4D29 /* model */ = {
			isa = PBXGroup;
			children = (
				F2DB5D4F1EF547A8001F4D29 /* Arns.swift */,
				F2DB5D531EF6BE72001F4D29 /* AssessmentTemplate.swift */,
				F2DB5D551EF6C3C5001F4D29 /* UserAttributeForFindings.swift */,
				F2DB5D571EF6C9F4001F4D29 /* AssessmentRun.swift */,
				F2DB5D591EF6CC97001F4D29 /* AssessmentRunNotification.swift */,
			);
			name = model;
			sourceTree = "<group>";
		};
		F2DB5D5B1EF6D39A001F4D29 /* controller */ = {
			isa = PBXGroup;
			children = (
				F2DB5D631EF6DE95001F4D29 /* runs */,
				F2DB5D621EF6D670001F4D29 /* templates */,
				F2DB5D5C1EF6D452001F4D29 /* MainTableViewController.swift */,
				F2DB5D5E1EF6D5D1001F4D29 /* IndicatorTableViewController.swift */,
			);
			name = controller;
			sourceTree = "<group>";
		};
		F2DB5D621EF6D670001F4D29 /* templates */ = {
			isa = PBXGroup;
			children = (
				F2DB5D601EF6D669001F4D29 /* TemplatesListTableViewController.swift */,
				F2DB5D661EF6E3AA001F4D29 /* TemplateDetailsTableViewController.swift */,
			);
			name = templates;
			sourceTree = "<group>";
		};
		F2DB5D631EF6DE95001F4D29 /* runs */ = {
			isa = PBXGroup;
			children = (
				F2DB5D641EF6DEB1001F4D29 /* RunsListTableViewController.swift */,
				F2777B401EF836D000C1FBB7 /* RunDetailsTableViewController.swift */,
			);
			name = runs;
			sourceTree = "<group>";
		};
		F2E770511EF1E43D0070B438 /* util */ = {
			isa = PBXGroup;
			children = (
				F2E770521EF1E4520070B438 /* Credentials.swift */,
				F2E770541EF1E8010070B438 /* DateUtil.swift */,
				F2E770561EF1ED920070B438 /* AwsUtil.swift */,
				F2E770581EF1F28A0070B438 /* AWSV4Signer.swift */,
				2C70D96F99628C1C8D57B097 /* RequestProcessor.swift */,
				F2DB5D511EF54A19001F4D29 /* JSONUtil.swift */,
				F2777B421EF85E7200C1FBB7 /* Util.swift */,
			);
			name = util;
			sourceTree = "<group>";
		};
/* End PBXGroup section */

/* Begin PBXNativeTarget section */
		F2CA252D1EEF3094001E1628 /* AWSInspectorDemo */ = {
			isa = PBXNativeTarget;
			buildConfigurationList = F2CA25401EEF3094001E1628 /* Build configuration list for PBXNativeTarget "AWSInspectorDemo" */;
			buildPhases = (
				258A7643C830502C46C7C388 /* [CP] Check Pods Manifest.lock */,
				F2CA252A1EEF3094001E1628 /* Sources */,
				F2CA252B1EEF3094001E1628 /* Frameworks */,
				F2CA252C1EEF3094001E1628 /* Resources */,
				946189EF99B0D013654BA9A6 /* [CP] Embed Pods Frameworks */,
				74D9C07697312B860B1AD536 /* [CP] Copy Pods Resources */,
			);
			buildRules = (
			);
			dependencies = (
			);
			name = AWSInspectorDemo;
			productName = AWSInspectorDemo;
			productReference = F2CA252E1EEF3094001E1628 /* AWSInspectorDemo.app */;
			productType = "com.apple.product-type.application";
		};
/* End PBXNativeTarget section */

/* Begin PBXProject section */
		F2CA25261EEF3094001E1628 /* Project object */ = {
			isa = PBXProject;
			attributes = {
				LastSwiftUpdateCheck = 0830;
				LastUpgradeCheck = 0830;
				ORGANIZATIONNAME = "Nikola Lukic";
				TargetAttributes = {
					F2CA252D1EEF3094001E1628 = {
						CreatedOnToolsVersion = 8.3.3;
						DevelopmentTeam = 9K97J9E9KK;
						ProvisioningStyle = Automatic;
					};
				};
			};
			buildConfigurationList = F2CA25291EEF3094001E1628 /* Build configuration list for PBXProject "AWSInspectorDemo" */;
			compatibilityVersion = "Xcode 3.2";
			developmentRegion = English;
			hasScannedForEncodings = 0;
			knownRegions = (
				en,
				Base,
			);
			mainGroup = F2CA25251EEF3094001E1628;
			productRefGroup = F2CA252F1EEF3094001E1628 /* Products */;
			projectDirPath = "";
			projectRoot = "";
			targets = (
				F2CA252D1EEF3094001E1628 /* AWSInspectorDemo */,
			);
		};
/* End PBXProject section */

/* Begin PBXResourcesBuildPhase section */
		F2CA252C1EEF3094001E1628 /* Resources */ = {
			isa = PBXResourcesBuildPhase;
			buildActionMask = 2147483647;
			files = (
				F2777B391EF831C200C1FBB7 /* BasicCell.xib in Resources */,
				F2CA253C1EEF3094001E1628 /* LaunchScreen.storyboard in Resources */,
				F2777B3D1EF834AF00C1FBB7 /* NotificationTableViewCell.xib in Resources */,
				F2CA25391EEF3094001E1628 /* Assets.xcassets in Resources */,
				F2777B3B1EF831F400C1FBB7 /* SubtitleCell.xib in Resources */,
				F2CA25371EEF3094001E1628 /* Main.storyboard in Resources */,
			);
			runOnlyForDeploymentPostprocessing = 0;
		};
/* End PBXResourcesBuildPhase section */

/* Begin PBXShellScriptBuildPhase section */
		258A7643C830502C46C7C388 /* [CP] Check Pods Manifest.lock */ = {
			isa = PBXShellScriptBuildPhase;
			buildActionMask = 2147483647;
			files = (
			);
			inputPaths = (
			);
			name = "[CP] Check Pods Manifest.lock";
			outputPaths = (
			);
			runOnlyForDeploymentPostprocessing = 0;
			shellPath = /bin/sh;
			shellScript = "diff \"${PODS_ROOT}/../Podfile.lock\" \"${PODS_ROOT}/Manifest.lock\" > /dev/null\nif [ $? != 0 ] ; then\n    # print error to STDERR\n    echo \"error: The sandbox is not in sync with the Podfile.lock. Run 'pod install' or update your CocoaPods installation.\" >&2\n    exit 1\nfi\n";
			showEnvVarsInLog = 0;
		};
		74D9C07697312B860B1AD536 /* [CP] Copy Pods Resources */ = {
			isa = PBXShellScriptBuildPhase;
			buildActionMask = 2147483647;
			files = (
			);
			inputPaths = (
			);
			name = "[CP] Copy Pods Resources";
			outputPaths = (
			);
			runOnlyForDeploymentPostprocessing = 0;
			shellPath = /bin/sh;
			shellScript = "\"${SRCROOT}/Pods/Target Support Files/Pods-AWSInspectorDemo/Pods-AWSInspectorDemo-resources.sh\"\n";
			showEnvVarsInLog = 0;
		};
		946189EF99B0D013654BA9A6 /* [CP] Embed Pods Frameworks */ = {
			isa = PBXShellScriptBuildPhase;
			buildActionMask = 2147483647;
			files = (
			);
			inputPaths = (
			);
			name = "[CP] Embed Pods Frameworks";
			outputPaths = (
			);
			runOnlyForDeploymentPostprocessing = 0;
			shellPath = /bin/sh;
			shellScript = "\"${SRCROOT}/Pods/Target Support Files/Pods-AWSInspectorDemo/Pods-AWSInspectorDemo-frameworks.sh\"\n";
			showEnvVarsInLog = 0;
		};
/* End PBXShellScriptBuildPhase section */

/* Begin PBXSourcesBuildPhase section */
		F2CA252A1EEF3094001E1628 /* Sources */ = {
			isa = PBXSourcesBuildPhase;
			buildActionMask = 2147483647;
			files = (
				F2777B3F1EF8353300C1FBB7 /* NotificationTableViewCell.swift in Sources */,
				F2E770531EF1E4520070B438 /* Credentials.swift in Sources */,
				F2DB5D501EF547A8001F4D29 /* Arns.swift in Sources */,
				F2E770591EF1F28A0070B438 /* AWSV4Signer.swift in Sources */,
				F2DB5D611EF6D669001F4D29 /* TemplatesListTableViewController.swift in Sources */,
				F2DB5D521EF54A19001F4D29 /* JSONUtil.swift in Sources */,
				F2DB5D5A1EF6CC97001F4D29 /* AssessmentRunNotification.swift in Sources */,
				F2777B431EF85E7200C1FBB7 /* Util.swift in Sources */,
				F2DB5D5D1EF6D452001F4D29 /* MainTableViewController.swift in Sources */,
				F2DB5D671EF6E3AA001F4D29 /* TemplateDetailsTableViewController.swift in Sources */,
				F2777B411EF836D000C1FBB7 /* RunDetailsTableViewController.swift in Sources */,
				F2DB5D581EF6C9F4001F4D29 /* AssessmentRun.swift in Sources */,
				F2DB5D5F1EF6D5D1001F4D29 /* IndicatorTableViewController.swift in Sources */,
				F2E770571EF1ED920070B438 /* AwsUtil.swift in Sources */,
				F2CA25321EEF3094001E1628 /* AppDelegate.swift in Sources */,
				F2DB5D561EF6C3C5001F4D29 /* UserAttributeForFindings.swift in Sources */,
				F2DB5D651EF6DEB1001F4D29 /* RunsListTableViewController.swift in Sources */,
				F2DB5D541EF6BE72001F4D29 /* AssessmentTemplate.swift in Sources */,
				F2E770551EF1E8010070B438 /* DateUtil.swift in Sources */,
				2C70D6A5A8431B099BB7DD16 /* RequestProcessor.swift in Sources */,
			);
			runOnlyForDeploymentPostprocessing = 0;
		};
/* End PBXSourcesBuildPhase section */

/* Begin PBXVariantGroup section */
		F2CA25351EEF3094001E1628 /* Main.storyboard */ = {
			isa = PBXVariantGroup;
			children = (
				F2CA25361EEF3094001E1628 /* Base */,
			);
			name = Main.storyboard;
			sourceTree = "<group>";
		};
		F2CA253A1EEF3094001E1628 /* LaunchScreen.storyboard */ = {
			isa = PBXVariantGroup;
			children = (
				F2CA253B1EEF3094001E1628 /* Base */,
			);
			name = LaunchScreen.storyboard;
			sourceTree = "<group>";
		};
/* End PBXVariantGroup section */

/* Begin XCBuildConfiguration section */
		F2CA253E1EEF3094001E1628 /* Debug */ = {
			isa = XCBuildConfiguration;
			buildSettings = {
				ALWAYS_SEARCH_USER_PATHS = NO;
				CLANG_ANALYZER_NONNULL = YES;
				CLANG_ANALYZER_NUMBER_OBJECT_CONVERSION = YES_AGGRESSIVE;
				CLANG_CXX_LANGUAGE_STANDARD = "gnu++0x";
				CLANG_CXX_LIBRARY = "libc++";
				CLANG_ENABLE_MODULES = YES;
				CLANG_ENABLE_OBJC_ARC = YES;
				CLANG_WARN_BOOL_CONVERSION = YES;
				CLANG_WARN_CONSTANT_CONVERSION = YES;
				CLANG_WARN_DIRECT_OBJC_ISA_USAGE = YES_ERROR;
				CLANG_WARN_DOCUMENTATION_COMMENTS = YES;
				CLANG_WARN_EMPTY_BODY = YES;
				CLANG_WARN_ENUM_CONVERSION = YES;
				CLANG_WARN_INFINITE_RECURSION = YES;
				CLANG_WARN_INT_CONVERSION = YES;
				CLANG_WARN_OBJC_ROOT_CLASS = YES_ERROR;
				CLANG_WARN_SUSPICIOUS_MOVE = YES;
				CLANG_WARN_UNREACHABLE_CODE = YES;
				CLANG_WARN__DUPLICATE_METHOD_MATCH = YES;
				"CODE_SIGN_IDENTITY[sdk=iphoneos*]" = "iPhone Developer";
				COPY_PHASE_STRIP = NO;
				DEBUG_INFORMATION_FORMAT = dwarf;
				ENABLE_STRICT_OBJC_MSGSEND = YES;
				ENABLE_TESTABILITY = YES;
				GCC_C_LANGUAGE_STANDARD = gnu99;
				GCC_DYNAMIC_NO_PIC = NO;
				GCC_NO_COMMON_BLOCKS = YES;
				GCC_OPTIMIZATION_LEVEL = 0;
				GCC_PREPROCESSOR_DEFINITIONS = (
					"DEBUG=1",
					"$(inherited)",
				);
				GCC_WARN_64_TO_32_BIT_CONVERSION = YES;
				GCC_WARN_ABOUT_RETURN_TYPE = YES_ERROR;
				GCC_WARN_UNDECLARED_SELECTOR = YES;
				GCC_WARN_UNINITIALIZED_AUTOS = YES_AGGRESSIVE;
				GCC_WARN_UNUSED_FUNCTION = YES;
				GCC_WARN_UNUSED_VARIABLE = YES;
				IPHONEOS_DEPLOYMENT_TARGET = 10.3;
				MTL_ENABLE_DEBUG_INFO = YES;
				ONLY_ACTIVE_ARCH = YES;
				SDKROOT = iphoneos;
				SWIFT_ACTIVE_COMPILATION_CONDITIONS = DEBUG;
				SWIFT_OPTIMIZATION_LEVEL = "-Onone";
				TARGETED_DEVICE_FAMILY = "1,2";
			};
			name = Debug;
		};
		F2CA253F1EEF3094001E1628 /* Release */ = {
			isa = XCBuildConfiguration;
			buildSettings = {
				ALWAYS_SEARCH_USER_PATHS = NO;
				CLANG_ANALYZER_NONNULL = YES;
				CLANG_ANALYZER_NUMBER_OBJECT_CONVERSION = YES_AGGRESSIVE;
				CLANG_CXX_LANGUAGE_STANDARD = "gnu++0x";
				CLANG_CXX_LIBRARY = "libc++";
				CLANG_ENABLE_MODULES = YES;
				CLANG_ENABLE_OBJC_ARC = YES;
				CLANG_WARN_BOOL_CONVERSION = YES;
				CLANG_WARN_CONSTANT_CONVERSION = YES;
				CLANG_WARN_DIRECT_OBJC_ISA_USAGE = YES_ERROR;
				CLANG_WARN_DOCUMENTATION_COMMENTS = YES;
				CLANG_WARN_EMPTY_BODY = YES;
				CLANG_WARN_ENUM_CONVERSION = YES;
				CLANG_WARN_INFINITE_RECURSION = YES;
				CLANG_WARN_INT_CONVERSION = YES;
				CLANG_WARN_OBJC_ROOT_CLASS = YES_ERROR;
				CLANG_WARN_SUSPICIOUS_MOVE = YES;
				CLANG_WARN_UNREACHABLE_CODE = YES;
				CLANG_WARN__DUPLICATE_METHOD_MATCH = YES;
				"CODE_SIGN_IDENTITY[sdk=iphoneos*]" = "iPhone Developer";
				COPY_PHASE_STRIP = NO;
				DEBUG_INFORMATION_FORMAT = "dwarf-with-dsym";
				ENABLE_NS_ASSERTIONS = NO;
				ENABLE_STRICT_OBJC_MSGSEND = YES;
				GCC_C_LANGUAGE_STANDARD = gnu99;
				GCC_NO_COMMON_BLOCKS = YES;
				GCC_WARN_64_TO_32_BIT_CONVERSION = YES;
				GCC_WARN_ABOUT_RETURN_TYPE = YES_ERROR;
				GCC_WARN_UNDECLARED_SELECTOR = YES;
				GCC_WARN_UNINITIALIZED_AUTOS = YES_AGGRESSIVE;
				GCC_WARN_UNUSED_FUNCTION = YES;
				GCC_WARN_UNUSED_VARIABLE = YES;
				IPHONEOS_DEPLOYMENT_TARGET = 10.3;
				MTL_ENABLE_DEBUG_INFO = NO;
				SDKROOT = iphoneos;
				SWIFT_OPTIMIZATION_LEVEL = "-Owholemodule";
				TARGETED_DEVICE_FAMILY = "1,2";
				VALIDATE_PRODUCT = YES;
			};
			name = Release;
		};
		F2CA25411EEF3094001E1628 /* Debug */ = {
			isa = XCBuildConfiguration;
			baseConfigurationReference = 311B6BA969122E802E8311FB /* Pods-AWSInspectorDemo.debug.xcconfig */;
			buildSettings = {
				ASSETCATALOG_COMPILER_APPICON_NAME = AppIcon;
				DEVELOPMENT_TEAM = 9K97J9E9KK;
				INFOPLIST_FILE = AWSInspectorDemo/Info.plist;
				LD_RUNPATH_SEARCH_PATHS = "$(inherited) @executable_path/Frameworks";
				PRODUCT_BUNDLE_IDENTIFIER = com.luxa.faks.AWSInspectorDemo;
				PRODUCT_NAME = "$(TARGET_NAME)";
				SWIFT_OBJC_BRIDGING_HEADER = "$(PROJECT_DIR)/$(PROJECT_NAME)/$(PROJECT_NAME)-Bridging-Header.h";
				SWIFT_VERSION = 3.0;
			};
			name = Debug;
		};
		F2CA25421EEF3094001E1628 /* Release */ = {
			isa = XCBuildConfiguration;
			baseConfigurationReference = 11389F0F3C3B84720960E982 /* Pods-AWSInspectorDemo.release.xcconfig */;
			buildSettings = {
				ASSETCATALOG_COMPILER_APPICON_NAME = AppIcon;
				DEVELOPMENT_TEAM = 9K97J9E9KK;
				INFOPLIST_FILE = AWSInspectorDemo/Info.plist;
				LD_RUNPATH_SEARCH_PATHS = "$(inherited) @executable_path/Frameworks";
				PRODUCT_BUNDLE_IDENTIFIER = com.luxa.faks.AWSInspectorDemo;
				PRODUCT_NAME = "$(TARGET_NAME)";
				SWIFT_OBJC_BRIDGING_HEADER = "$(PROJECT_DIR)/$(PROJECT_NAME)/$(PROJECT_NAME)-Bridging-Header.h";
				SWIFT_VERSION = 3.0;
			};
			name = Release;
		};
/* End XCBuildConfiguration section */

/* Begin XCConfigurationList section */
		F2CA25291EEF3094001E1628 /* Build configuration list for PBXProject "AWSInspectorDemo" */ = {
			isa = XCConfigurationList;
			buildConfigurations = (
				F2CA253E1EEF3094001E1628 /* Debug */,
				F2CA253F1EEF3094001E1628 /* Release */,
			);
			defaultConfigurationIsVisible = 0;
			defaultConfigurationName = Release;
		};
		F2CA25401EEF3094001E1628 /* Build configuration list for PBXNativeTarget "AWSInspectorDemo" */ = {
			isa = XCConfigurationList;
			buildConfigurations = (
				F2CA25411EEF3094001E1628 /* Debug */,
				F2CA25421EEF3094001E1628 /* Release */,
			);
			defaultConfigurationIsVisible = 0;
			defaultConfigurationName = Release;
		};
/* End XCConfigurationList section */
	};
	rootObject = F2CA25261EEF3094001E1628 /* Project object */;
}
